
Microsoft Visual Studio Solution File, Format Version 12.00
# Visual Studio 15
Project("{FAE04EC0-301F-11D3-BF4B-00C04F79EFBC}") = "UnityEngine.TestRunner", "UnityEngine.TestRunner.csproj", "{4988FA7C-6B8F-64A4-C134-D5B68DEDA120}"
EndProject
Project("{FAE04EC0-301F-11D3-BF4B-00C04F79EFBC}") = "UnityEngine.UI", "UnityEngine.UI.csproj", "{5FF6C905-EC9A-7D9C-EFD9-02A098E3B906}"
EndProject
Project("{FAE04EC0-301F-11D3-BF4B-00C04F79EFBC}") = "Unity.VisualScripting.State", "Unity.VisualScripting.State.csproj", "{34EE2243-B8A9-E897-13D2-BEF964E24AE0}"
EndProject
Project("{FAE04EC0-301F-11D3-BF4B-00C04F79EFBC}") = "Unity.VisualScripting.Core", "Unity.VisualScripting.Core.csproj", "{2F1913FE-214C-497E-55B5-44E272BC3A52}"
EndProject
Project("{FAE04EC0-301F-11D3-BF4B-00C04F79EFBC}") = "Unity.VisualScripting.Flow", "Unity.VisualScripting.Flow.csproj", "{B19D26A9-676A-EBE4-3DC9-C0F33B5E9388}"
EndProject
Project("{FAE04EC0-301F-11D3-BF4B-00C04F79EFBC}") = "Unity.TextMeshPro", "Unity.TextMeshPro.csproj", "{F939F70F-13DE-8342-15E0-76FE30D1D278}"
EndProject
Project("{FAE04EC0-301F-11D3-BF4B-00C04F79EFBC}") = "Cinemachine", "Cinemachine.csproj", "{8B5B72EE-A6D3-6462-86C7-AAD0A4E73FDD}"
EndProject
Project("{FAE04EC0-301F-11D3-BF4B-00C04F79EFBC}") = "Unity.Timeline", "Unity.Timeline.csproj", "{636A4260-4FF8-E31E-CC6F-B0021C326C69}"
EndProject
Project("{FAE04EC0-301F-11D3-BF4B-00C04F79EFBC}") = "Assembly-CSharp", "Assembly-CSharp.csproj", "{A74DA1D4-7D75-70DC-4205-4C720E12DB0E}"
EndProject
Project("{FAE04EC0-301F-11D3-BF4B-00C04F79EFBC}") = "Unity.PlasticSCM.Editor", "Unity.PlasticSCM.Editor.csproj", "{998E80FE-0A7C-11BA-0903-1660329CDE19}"
EndProject
Project("{FAE04EC0-301F-11D3-BF4B-00C04F79EFBC}") = "Unity.VisualScripting.Core.Editor", "Unity.VisualScripting.Core.Editor.csproj", "{D850ED85-C1EC-C30E-B931-AFC549ED2418}"
EndProject
Project("{FAE04EC0-301F-11D3-BF4B-00C04F79EFBC}") = "Unity.VisualStudio.Editor", "Unity.VisualStudio.Editor.csproj", "{887851E3-D725-F2B1-D988-83F0D6BF6C41}"
EndProject
Project("{FAE04EC0-301F-11D3-BF4B-00C04F79EFBC}") = "Unity.Timeline.Editor", "Unity.Timeline.Editor.csproj", "{4E78DF7C-2924-5797-353B-8D78D8C97C65}"
EndProject
Project("{FAE04EC0-301F-11D3-BF4B-00C04F79EFBC}") = "com.unity.cinemachine.editor", "com.unity.cinemachine.editor.csproj", "{8EF7477A-7544-A928-E791-5F38792256D8}"
EndProject
Project("{FAE04EC0-301F-11D3-BF4B-00C04F79EFBC}") = "Unity.VisualScripting.State.Editor", "Unity.VisualScripting.State.Editor.csproj", "{1930490E-90DC-BC4C-BF0F-AF8E17F97C5B}"
EndProject
Project("{FAE04EC0-301F-11D3-BF4B-00C04F79EFBC}") = "Unity.TextMeshPro.Editor", "Unity.TextMeshPro.Editor.csproj", "{B627B8B9-3FBE-A517-8D0B-DC05A5B18EE6}"
EndProject
Project("{FAE04EC0-301F-11D3-BF4B-00C04F79EFBC}") = "VSSettingsProvider", "VSSettingsProvider.csproj", "{DF949774-E5C0-5A74-4981-7D8C1DC51942}"
EndProject
Project("{FAE04EC0-301F-11D3-BF4B-00C04F79EFBC}") = "Unity.CollabProxy.Editor", "Unity.CollabProxy.Editor.csproj", "{CABA4880-89F1-D745-A0F8-2315E02CAA73}"
EndProject
Project("{FAE04EC0-301F-11D3-BF4B-00C04F79EFBC}") = "UnityEditor.TestRunner", "UnityEditor.TestRunner.csproj", "{A478D843-1FF1-DD54-AB89-5CACAB508663}"
EndProject
Project("{FAE04EC0-301F-11D3-BF4B-00C04F79EFBC}") = "Unity.VisualScripting.Flow.Editor", "Unity.VisualScripting.Flow.Editor.csproj", "{F4BE8A60-836E-AF6F-5D45-F5CFBEBF2700}"
EndProject
Project("{FAE04EC0-301F-11D3-BF4B-00C04F79EFBC}") = "Unity.Rider.Editor", "Unity.Rider.Editor.csproj", "{EE3121A1-CD16-FC9C-F9DF-FA40E9263D0B}"
EndProject
Project("{FAE04EC0-301F-11D3-BF4B-00C04F79EFBC}") = "Unity.VSCode.Editor", "Unity.VSCode.Editor.csproj", "{09EBDF32-89EE-2DA8-9CBA-768D8D3DF79A}"
EndProject
Project("{FAE04EC0-301F-11D3-BF4B-00C04F79EFBC}") = "UnityEditor.UI", "UnityEditor.UI.csproj", "{939A7AA4-4371-22B1-35C4-40B651F93566}"
EndProject
Project("{FAE04EC0-301F-11D3-BF4B-00C04F79EFBC}") = "UnityEngine.TestRunner", "UnityEngine.TestRunner.Player.csproj", "{DFEBAF9D-8ED2-FA33-BAB7-2F973EC437EF}"
EndProject
Project("{FAE04EC0-301F-11D3-BF4B-00C04F79EFBC}") = "UnityEngine.UI", "UnityEngine.UI.Player.csproj", "{23FC50A5-DD4D-0BF0-D6C2-C467E8F81E0E}"
EndProject
Project("{FAE04EC0-301F-11D3-BF4B-00C04F79EFBC}") = "Unity.VisualScripting.State", "Unity.VisualScripting.State.Player.csproj", "{FE583AE7-B801-8CD4-3533-DE43F6D3CC4A}"
EndProject
Project("{FAE04EC0-301F-11D3-BF4B-00C04F79EFBC}") = "Unity.VisualScripting.Core", "Unity.VisualScripting.Core.Player.csproj", "{83EA9ADA-1057-8CB5-2471-98C7EFC0AB90}"
EndProject
Project("{FAE04EC0-301F-11D3-BF4B-00C04F79EFBC}") = "Unity.VisualScripting.Flow", "Unity.VisualScripting.Flow.Player.csproj", "{C1F62866-647A-E44E-5E80-0CDD65D6035D}"
EndProject
Project("{FAE04EC0-301F-11D3-BF4B-00C04F79EFBC}") = "Unity.TextMeshPro", "Unity.TextMeshPro.Player.csproj", "{77A3729C-AB17-3C2B-021B-6F8A6D08E571}"
EndProject
Project("{FAE04EC0-301F-11D3-BF4B-00C04F79EFBC}") = "Cinemachine", "Cinemachine.Player.csproj", "{F81062E4-8CBA-3DB8-9CF0-6B804DCD4A4D}"
EndProject
Project("{FAE04EC0-301F-11D3-BF4B-00C04F79EFBC}") = "Unity.Timeline", "Unity.Timeline.Player.csproj", "{83089352-0655-2D8E-07F2-1A498247F991}"
EndProject
Project("{FAE04EC0-301F-11D3-BF4B-00C04F79EFBC}") = "Assembly-CSharp", "Assembly-CSharp.Player.csproj", "{A76CDBAE-8A54-37C8-5B43-5F92C2D289B9}"
EndProject
Global
	GlobalSection(SolutionConfigurationPlatforms) = preSolution
		Debug|Any CPU = Debug|Any CPU
		Release|Any CPU = Release|Any CPU
	EndGlobalSection
	GlobalSection(ProjectConfigurationPlatforms) = postSolution
		{4988FA7C-6B8F-64A4-C134-D5B68DEDA120}.Debug|Any CPU.ActiveCfg = Debug|Any CPU
		{4988FA7C-6B8F-64A4-C134-D5B68DEDA120}.Debug|Any CPU.Build.0 = Debug|Any CPU
		{4988FA7C-6B8F-64A4-C134-D5B68DEDA120}.Release|Any CPU.ActiveCfg = Release|Any CPU
		{4988FA7C-6B8F-64A4-C134-D5B68DEDA120}.Release|Any CPU.Build.0 = Release|Any CPU
		{5FF6C905-EC9A-7D9C-EFD9-02A098E3B906}.Debug|Any CPU.ActiveCfg = Debug|Any CPU
		{5FF6C905-EC9A-7D9C-EFD9-02A098E3B906}.Debug|Any CPU.Build.0 = Debug|Any CPU
		{5FF6C905-EC9A-7D9C-EFD9-02A098E3B906}.Release|Any CPU.ActiveCfg = Release|Any CPU
		{5FF6C905-EC9A-7D9C-EFD9-02A098E3B906}.Release|Any CPU.Build.0 = Release|Any CPU
		{34EE2243-B8A9-E897-13D2-BEF964E24AE0}.Debug|Any CPU.ActiveCfg = Debug|Any CPU
		{34EE2243-B8A9-E897-13D2-BEF964E24AE0}.Debug|Any CPU.Build.0 = Debug|Any CPU
		{34EE2243-B8A9-E897-13D2-BEF964E24AE0}.Release|Any CPU.ActiveCfg = Release|Any CPU
		{34EE2243-B8A9-E897-13D2-BEF964E24AE0}.Release|Any CPU.Build.0 = Release|Any CPU
		{2F1913FE-214C-497E-55B5-44E272BC3A52}.Debug|Any CPU.ActiveCfg = Debug|Any CPU
		{2F1913FE-214C-497E-55B5-44E272BC3A52}.Debug|Any CPU.Build.0 = Debug|Any CPU
		{2F1913FE-214C-497E-55B5-44E272BC3A52}.Release|Any CPU.ActiveCfg = Release|Any CPU
		{2F1913FE-214C-497E-55B5-44E272BC3A52}.Release|Any CPU.Build.0 = Release|Any CPU
		{B19D26A9-676A-EBE4-3DC9-C0F33B5E9388}.Debug|Any CPU.ActiveCfg = Debug|Any CPU
		{B19D26A9-676A-EBE4-3DC9-C0F33B5E9388}.Debug|Any CPU.Build.0 = Debug|Any CPU
		{B19D26A9-676A-EBE4-3DC9-C0F33B5E9388}.Release|Any CPU.ActiveCfg = Release|Any CPU
		{B19D26A9-676A-EBE4-3DC9-C0F33B5E9388}.Release|Any CPU.Build.0 = Release|Any CPU
		{F939F70F-13DE-8342-15E0-76FE30D1D278}.Debug|Any CPU.ActiveCfg = Debug|Any CPU
		{F939F70F-13DE-8342-15E0-76FE30D1D278}.Debug|Any CPU.Build.0 = Debug|Any CPU
		{F939F70F-13DE-8342-15E0-76FE30D1D278}.Release|Any CPU.ActiveCfg = Release|Any CPU
		{F939F70F-13DE-8342-15E0-76FE30D1D278}.Release|Any CPU.Build.0 = Release|Any CPU
		{8B5B72EE-A6D3-6462-86C7-AAD0A4E73FDD}.Debug|Any CPU.ActiveCfg = Debug|Any CPU
		{8B5B72EE-A6D3-6462-86C7-AAD0A4E73FDD}.Debug|Any CPU.Build.0 = Debug|Any CPU
		{8B5B72EE-A6D3-6462-86C7-AAD0A4E73FDD}.Release|Any CPU.ActiveCfg = Release|Any CPU
		{8B5B72EE-A6D3-6462-86C7-AAD0A4E73FDD}.Release|Any CPU.Build.0 = Release|Any CPU
		{636A4260-4FF8-E31E-CC6F-B0021C326C69}.Debug|Any CPU.ActiveCfg = Debug|Any CPU
		{636A4260-4FF8-E31E-CC6F-B0021C326C69}.Debug|Any CPU.Build.0 = Debug|Any CPU
		{636A4260-4FF8-E31E-CC6F-B0021C326C69}.Release|Any CPU.ActiveCfg = Release|Any CPU
		{636A4260-4FF8-E31E-CC6F-B0021C326C69}.Release|Any CPU.Build.0 = Release|Any CPU
		{A74DA1D4-7D75-70DC-4205-4C720E12DB0E}.Debug|Any CPU.ActiveCfg = Debug|Any CPU
		{A74DA1D4-7D75-70DC-4205-4C720E12DB0E}.Debug|Any CPU.Build.0 = Debug|Any CPU
		{A74DA1D4-7D75-70DC-4205-4C720E12DB0E}.Release|Any CPU.ActiveCfg = Release|Any CPU
		{A74DA1D4-7D75-70DC-4205-4C720E12DB0E}.Release|Any CPU.Build.0 = Release|Any CPU
		{998E80FE-0A7C-11BA-0903-1660329CDE19}.Debug|Any CPU.ActiveCfg = Debug|Any CPU
		{998E80FE-0A7C-11BA-0903-1660329CDE19}.Debug|Any CPU.Build.0 = Debug|Any CPU
		{998E80FE-0A7C-11BA-0903-1660329CDE19}.Release|Any CPU.ActiveCfg = Release|Any CPU
		{998E80FE-0A7C-11BA-0903-1660329CDE19}.Release|Any CPU.Build.0 = Release|Any CPU
		{D850ED85-C1EC-C30E-B931-AFC549ED2418}.Debug|Any CPU.ActiveCfg = Debug|Any CPU
		{D850ED85-C1EC-C30E-B931-AFC549ED2418}.Debug|Any CPU.Build.0 = Debug|Any CPU
		{D850ED85-C1EC-C30E-B931-AFC549ED2418}.Release|Any CPU.ActiveCfg = Release|Any CPU
		{D850ED85-C1EC-C30E-B931-AFC549ED2418}.Release|Any CPU.Build.0 = Release|Any CPU
		{887851E3-D725-F2B1-D988-83F0D6BF6C41}.Debug|Any CPU.ActiveCfg = Debug|Any CPU
		{887851E3-D725-F2B1-D988-83F0D6BF6C41}.Debug|Any CPU.Build.0 = Debug|Any CPU
		{887851E3-D725-F2B1-D988-83F0D6BF6C41}.Release|Any CPU.ActiveCfg = Release|Any CPU
		{887851E3-D725-F2B1-D988-83F0D6BF6C41}.Release|Any CPU.Build.0 = Release|Any CPU
		{4E78DF7C-2924-5797-353B-8D78D8C97C65}.Debug|Any CPU.ActiveCfg = Debug|Any CPU
		{4E78DF7C-2924-5797-353B-8D78D8C97C65}.Debug|Any CPU.Build.0 = Debug|Any CPU
		{4E78DF7C-2924-5797-353B-8D78D8C97C65}.Release|Any CPU.ActiveCfg = Release|Any CPU
		{4E78DF7C-2924-5797-353B-8D78D8C97C65}.Release|Any CPU.Build.0 = Release|Any CPU
		{8EF7477A-7544-A928-E791-5F38792256D8}.Debug|Any CPU.ActiveCfg = Debug|Any CPU
		{8EF7477A-7544-A928-E791-5F38792256D8}.Debug|Any CPU.Build.0 = Debug|Any CPU
		{8EF7477A-7544-A928-E791-5F38792256D8}.Release|Any CPU.ActiveCfg = Release|Any CPU
		{8EF7477A-7544-A928-E791-5F38792256D8}.Release|Any CPU.Build.0 = Release|Any CPU
		{1930490E-90DC-BC4C-BF0F-AF8E17F97C5B}.Debug|Any CPU.ActiveCfg = Debug|Any CPU
		{1930490E-90DC-BC4C-BF0F-AF8E17F97C5B}.Debug|Any CPU.Build.0 = Debug|Any CPU
		{1930490E-90DC-BC4C-BF0F-AF8E17F97C5B}.Release|Any CPU.ActiveCfg = Release|Any CPU
		{1930490E-90DC-BC4C-BF0F-AF8E17F97C5B}.Release|Any CPU.Build.0 = Release|Any CPU
		{B627B8B9-3FBE-A517-8D0B-DC05A5B18EE6}.Debug|Any CPU.ActiveCfg = Debug|Any CPU
		{B627B8B9-3FBE-A517-8D0B-DC05A5B18EE6}.Debug|Any CPU.Build.0 = Debug|Any CPU
		{B627B8B9-3FBE-A517-8D0B-DC05A5B18EE6}.Release|Any CPU.ActiveCfg = Release|Any CPU
		{B627B8B9-3FBE-A517-8D0B-DC05A5B18EE6}.Release|Any CPU.Build.0 = Release|Any CPU
		{DF949774-E5C0-5A74-4981-7D8C1DC51942}.Debug|Any CPU.ActiveCfg = Debug|Any CPU
		{DF949774-E5C0-5A74-4981-7D8C1DC51942}.Debug|Any CPU.Build.0 = Debug|Any CPU
		{DF949774-E5C0-5A74-4981-7D8C1DC51942}.Release|Any CPU.ActiveCfg = Release|Any CPU
		{DF949774-E5C0-5A74-4981-7D8C1DC51942}.Release|Any CPU.Build.0 = Release|Any CPU
		{CABA4880-89F1-D745-A0F8-2315E02CAA73}.Debug|Any CPU.ActiveCfg = Debug|Any CPU
		{CABA4880-89F1-D745-A0F8-2315E02CAA73}.Debug|Any CPU.Build.0 = Debug|Any CPU
		{CABA4880-89F1-D745-A0F8-2315E02CAA73}.Release|Any CPU.ActiveCfg = Release|Any CPU
		{CABA4880-89F1-D745-A0F8-2315E02CAA73}.Release|Any CPU.Build.0 = Release|Any CPU
		{A478D843-1FF1-DD54-AB89-5CACAB508663}.Debug|Any CPU.ActiveCfg = Debug|Any CPU
		{A478D843-1FF1-DD54-AB89-5CACAB508663}.Debug|Any CPU.Build.0 = Debug|Any CPU
		{A478D843-1FF1-DD54-AB89-5CACAB508663}.Release|Any CPU.ActiveCfg = Release|Any CPU
		{A478D843-1FF1-DD54-AB89-5CACAB508663}.Release|Any CPU.Build.0 = Release|Any CPU
		{F4BE8A60-836E-AF6F-5D45-F5CFBEBF2700}.Debug|Any CPU.ActiveCfg = Debug|Any CPU
		{F4BE8A60-836E-AF6F-5D45-F5CFBEBF2700}.Debug|Any CPU.Build.0 = Debug|Any CPU
		{F4BE8A60-836E-AF6F-5D45-F5CFBEBF2700}.Release|Any CPU.ActiveCfg = Release|Any CPU
		{F4BE8A60-836E-AF6F-5D45-F5CFBEBF2700}.Release|Any CPU.Build.0 = Release|Any CPU
		{EE3121A1-CD16-FC9C-F9DF-FA40E9263D0B}.Debug|Any CPU.ActiveCfg = Debug|Any CPU
		{EE3121A1-CD16-FC9C-F9DF-FA40E9263D0B}.Debug|Any CPU.Build.0 = Debug|Any CPU
		{EE3121A1-CD16-FC9C-F9DF-FA40E9263D0B}.Release|Any CPU.ActiveCfg = Release|Any CPU
		{EE3121A1-CD16-FC9C-F9DF-FA40E9263D0B}.Release|Any CPU.Build.0 = Release|Any CPU
		{09EBDF32-89EE-2DA8-9CBA-768D8D3DF79A}.Debug|Any CPU.ActiveCfg = Debug|Any CPU
		{09EBDF32-89EE-2DA8-9CBA-768D8D3DF79A}.Debug|Any CPU.Build.0 = Debug|Any CPU
		{09EBDF32-89EE-2DA8-9CBA-768D8D3DF79A}.Release|Any CPU.ActiveCfg = Release|Any CPU
		{09EBDF32-89EE-2DA8-9CBA-768D8D3DF79A}.Release|Any CPU.Build.0 = Release|Any CPU
		{939A7AA4-4371-22B1-35C4-40B651F93566}.Debug|Any CPU.ActiveCfg = Debug|Any CPU
		{939A7AA4-4371-22B1-35C4-40B651F93566}.Debug|Any CPU.Build.0 = Debug|Any CPU
		{939A7AA4-4371-22B1-35C4-40B651F93566}.Release|Any CPU.ActiveCfg = Release|Any CPU
		{939A7AA4-4371-22B1-35C4-40B651F93566}.Release|Any CPU.Build.0 = Release|Any CPU
		{DFEBAF9D-8ED2-FA33-BAB7-2F973EC437EF}.Debug|Any CPU.ActiveCfg = Debug|Any CPU
		{DFEBAF9D-8ED2-FA33-BAB7-2F973EC437EF}.Debug|Any CPU.Build.0 = Debug|Any CPU
		{DFEBAF9D-8ED2-FA33-BAB7-2F973EC437EF}.Release|Any CPU.ActiveCfg = Release|Any CPU
		{DFEBAF9D-8ED2-FA33-BAB7-2F973EC437EF}.Release|Any CPU.Build.0 = Release|Any CPU
		{23FC50A5-DD4D-0BF0-D6C2-C467E8F81E0E}.Debug|Any CPU.ActiveCfg = Debug|Any CPU
		{23FC50A5-DD4D-0BF0-D6C2-C467E8F81E0E}.Debug|Any CPU.Build.0 = Debug|Any CPU
		{23FC50A5-DD4D-0BF0-D6C2-C467E8F81E0E}.Release|Any CPU.ActiveCfg = Release|Any CPU
		{23FC50A5-DD4D-0BF0-D6C2-C467E8F81E0E}.Release|Any CPU.Build.0 = Release|Any CPU
		{FE583AE7-B801-8CD4-3533-DE43F6D3CC4A}.Debug|Any CPU.ActiveCfg = Debug|Any CPU
		{FE583AE7-B801-8CD4-3533-DE43F6D3CC4A}.Debug|Any CPU.Build.0 = Debug|Any CPU
		{FE583AE7-B801-8CD4-3533-DE43F6D3CC4A}.Release|Any CPU.ActiveCfg = Release|Any CPU
		{FE583AE7-B801-8CD4-3533-DE43F6D3CC4A}.Release|Any CPU.Build.0 = Release|Any CPU
		{83EA9ADA-1057-8CB5-2471-98C7EFC0AB90}.Debug|Any CPU.ActiveCfg = Debug|Any CPU
		{83EA9ADA-1057-8CB5-2471-98C7EFC0AB90}.Debug|Any CPU.Build.0 = Debug|Any CPU
		{83EA9ADA-1057-8CB5-2471-98C7EFC0AB90}.Release|Any CPU.ActiveCfg = Release|Any CPU
		{83EA9ADA-1057-8CB5-2471-98C7EFC0AB90}.Release|Any CPU.Build.0 = Release|Any CPU
		{C1F62866-647A-E44E-5E80-0CDD65D6035D}.Debug|Any CPU.ActiveCfg = Debug|Any CPU
		{C1F62866-647A-E44E-5E80-0CDD65D6035D}.Debug|Any CPU.Build.0 = Debug|Any CPU
		{C1F62866-647A-E44E-5E80-0CDD65D6035D}.Release|Any CPU.ActiveCfg = Release|Any CPU
		{C1F62866-647A-E44E-5E80-0CDD65D6035D}.Release|Any CPU.Build.0 = Release|Any CPU
		{77A3729C-AB17-3C2B-021B-6F8A6D08E571}.Debug|Any CPU.ActiveCfg = Debug|Any CPU
		{77A3729C-AB17-3C2B-021B-6F8A6D08E571}.Debug|Any CPU.Build.0 = Debug|Any CPU
		{77A3729C-AB17-3C2B-021B-6F8A6D08E571}.Release|Any CPU.ActiveCfg = Release|Any CPU
		{77A3729C-AB17-3C2B-021B-6F8A6D08E571}.Release|Any CPU.Build.0 = Release|Any CPU
		{F81062E4-8CBA-3DB8-9CF0-6B804DCD4A4D}.Debug|Any CPU.ActiveCfg = Debug|Any CPU
		{F81062E4-8CBA-3DB8-9CF0-6B804DCD4A4D}.Debug|Any CPU.Build.0 = Debug|Any CPU
		{F81062E4-8CBA-3DB8-9CF0-6B804DCD4A4D}.Release|Any CPU.ActiveCfg = Release|Any CPU
		{F81062E4-8CBA-3DB8-9CF0-6B804DCD4A4D}.Release|Any CPU.Build.0 = Release|Any CPU
		{83089352-0655-2D8E-07F2-1A498247F991}.Debug|Any CPU.ActiveCfg = Debug|Any CPU
		{83089352-0655-2D8E-07F2-1A498247F991}.Debug|Any CPU.Build.0 = Debug|Any CPU
		{83089352-0655-2D8E-07F2-1A498247F991}.Release|Any CPU.ActiveCfg = Release|Any CPU
		{83089352-0655-2D8E-07F2-1A498247F991}.Release|Any CPU.Build.0 = Release|Any CPU
		{A76CDBAE-8A54-37C8-5B43-5F92C2D289B9}.Debug|Any CPU.ActiveCfg = Debug|Any CPU
		{A76CDBAE-8A54-37C8-5B43-5F92C2D289B9}.Debug|Any CPU.Build.0 = Debug|Any CPU
		{A76CDBAE-8A54-37C8-5B43-5F92C2D289B9}.Release|Any CPU.ActiveCfg = Release|Any CPU
		{A76CDBAE-8A54-37C8-5B43-5F92C2D289B9}.Release|Any CPU.Build.0 = Release|Any CPU
	EndGlobalSection
	GlobalSection(SolutionProperties) = preSolution
		HideSolutionNode = FALSE
	EndGlobalSection
EndGlobal
